
Microsoft Visual Studio Solution File, Format Version 12.00
# Visual Studio Version 16
VisualStudioVersion = 16.0.28922.388
MinimumVisualStudioVersion = 10.0.40219.1
Project("{FAE04EC0-301F-11D3-BF4B-00C04F79EFBC}") = "Mandatory_Assaignment1", "Mandatory_Assaignment1\Mandatory_Assaignment1.csproj", "{BBFCAEDF-263E-48FC-A341-C910CF1D5851}"
EndProject
Global
	GlobalSection(SolutionConfigurationPlatforms) = preSolution
		Debug|Any CPU = Debug|Any CPU
		Release|Any CPU = Release|Any CPU
	EndGlobalSection
	GlobalSection(ProjectConfigurationPlatforms) = postSolution
		{BBFCAEDF-263E-48FC-A341-C910CF1D5851}.Debug|Any CPU.ActiveCfg = Debug|Any CPU
		{BBFCAEDF-263E-48FC-A341-C910CF1D5851}.Debug|Any CPU.Build.0 = Debug|Any CPU
		{BBFCAEDF-263E-48FC-A341-C910CF1D5851}.Release|Any CPU.ActiveCfg = Release|Any CPU
		{BBFCAEDF-263E-48FC-A341-C910CF1D5851}.Release|Any CPU.Build.0 = Release|Any CPU
	EndGlobalSection
	GlobalSection(SolutionProperties) = preSolution
		HideSolutionNode = FALSE
	EndGlobalSection
	GlobalSection(ExtensibilityGlobals) = postSolution
		SolutionGuid = {3E6DC173-CD92-4230-9841-3247F2B22315}
	EndGlobalSection
EndGlobal
